{"allay":{"cidr":"10.122.133.0/24","groups":["node"],"ip":"10.122.133.72","system":"x86_64-linux"},"lonicera":{"cidr":"10.122.133.0/24","groups":["lighthouse","relay"],"ip":"10.122.133.33","system":"x86_64-linux"},"rogue":{"cidr":"10.122.133.0/24","groups":["node"],"ip":"10.122.133.77","system":"x86_64-linux"},"sashimi":{"cidr":"10.122.133.0/24","groups":["relay"],"ip":"10.122.133.34","system":"x86_64-linux"},"ukiyo":{"cidr":"10.122.133.0/24","groups":["lighthouse"],"ip":"10.122.133.49","system":"x86_64-linux"}}
